
Microsoft Visual Studio Solution File, Format Version 12.00
# Visual Studio 14
VisualStudioVersion = 14.0.24720.0
MinimumVisualStudioVersion = 10.0.40219.1
Project("{FAE04EC0-301F-11D3-BF4B-00C04F79EFBC}") = "InstallerAnalyzer1_Guest", "InstallerAnalyzer1.1\InstallerAnalyzer1_Guest.csproj", "{F551A581-1409-41E1-B5CD-D6114FD459EC}"
EndProject
Project("{8BC9CEB8-8B4A-11D0-8D11-00A0C91BC942}") = "Injector", "..\Injector\Injector\Injector.vcxproj", "{04D664E9-153B-4ADF-BE85-3804357163F4}"
	ProjectSection(ProjectDependencies) = postProject
		{AB1CD676-531D-4824-8546-14D3A5160DE5} = {AB1CD676-531D-4824-8546-14D3A5160DE5}
		{D76AD18B-56C6-4051-A58B-ECB87A35DFD8} = {D76AD18B-56C6-4051-A58B-ECB87A35DFD8}
	EndProjectSection
EndProject
Project("{8BC9CEB8-8B4A-11D0-8D11-00A0C91BC942}") = "CHookingDll", "..\CHookingDll\CHookingDll\CHookingDll.vcxproj", "{D76AD18B-56C6-4051-A58B-ECB87A35DFD8}"
EndProject
Project("{2150E333-8FDC-42A3-9474-1A3956D46DE8}") = "Solution Items", "Solution Items", "{106F130C-1648-4CF8-88A2-9CBEF4D983E1}"
	ProjectSection(SolutionItems) = preProject
		Performance1.psess = Performance1.psess
		..\..\..\..\Desktop\ProductionOutputDir\runner.bat = ..\..\..\..\Desktop\ProductionOutputDir\runner.bat
		Setup Development Environment.txt = Setup Development Environment.txt
	EndProjectSection
EndProject
Project("{8BC9CEB8-8B4A-11D0-8D11-00A0C91BC942}") = "Common", "Common\Common.vcxproj", "{17CBAC80-1694-40A9-BE8A-2132B2BADFB8}"
EndProject
Project("{FAE04EC0-301F-11D3-BF4B-00C04F79EFBC}") = "ResultAnalyzerUtility", "ResultAnalyzerUtility\ResultAnalyzerUtility.csproj", "{158B5B38-72B0-480A-9595-2676657BE4BD}"
EndProject
Project("{8BC9CEB8-8B4A-11D0-8D11-00A0C91BC942}") = "serviceHooker", "serviceHooker\serviceHooker.vcxproj", "{AB1CD676-531D-4824-8546-14D3A5160DE5}"
EndProject
Project("{FAE04EC0-301F-11D3-BF4B-00C04F79EFBC}") = "UiAnalysisTest", "UiAnalysisTest\UiAnalysisTest.csproj", "{034626EA-0329-4A86-9340-76F483CF0673}"
EndProject
Project("{8BC9CEB8-8B4A-11D0-8D11-00A0C91BC942}") = "MITM Test", "MITM Test\MITM Test.vcxproj", "{BF5B0E40-E719-4EBE-9A49-25B2C4647815}"
EndProject
Global
	GlobalSection(SolutionConfigurationPlatforms) = preSolution
		Debug|Any CPU = Debug|Any CPU
		Debug|Mixed Platforms = Debug|Mixed Platforms
		Debug|Win32 = Debug|Win32
		Debug|x64 = Debug|x64
		Debug|x86 = Debug|x86
		Only Injector|Any CPU = Only Injector|Any CPU
		Only Injector|Mixed Platforms = Only Injector|Mixed Platforms
		Only Injector|Win32 = Only Injector|Win32
		Only Injector|x64 = Only Injector|x64
		Only Injector|x86 = Only Injector|x86
		Publish|Any CPU = Publish|Any CPU
		Publish|Mixed Platforms = Publish|Mixed Platforms
		Publish|Win32 = Publish|Win32
		Publish|x64 = Publish|x64
		Publish|x86 = Publish|x86
		Release|Any CPU = Release|Any CPU
		Release|Mixed Platforms = Release|Mixed Platforms
		Release|Win32 = Release|Win32
		Release|x64 = Release|x64
		Release|x86 = Release|x86
		RemoteDebug|Any CPU = RemoteDebug|Any CPU
		RemoteDebug|Mixed Platforms = RemoteDebug|Mixed Platforms
		RemoteDebug|Win32 = RemoteDebug|Win32
		RemoteDebug|x64 = RemoteDebug|x64
		RemoteDebug|x86 = RemoteDebug|x86
	EndGlobalSection
	GlobalSection(ProjectConfigurationPlatforms) = postSolution
		{F551A581-1409-41E1-B5CD-D6114FD459EC}.Debug|Any CPU.ActiveCfg = Debug|Any CPU
		{F551A581-1409-41E1-B5CD-D6114FD459EC}.Debug|Any CPU.Build.0 = Debug|Any CPU
		{F551A581-1409-41E1-B5CD-D6114FD459EC}.Debug|Mixed Platforms.ActiveCfg = Debug|Any CPU
		{F551A581-1409-41E1-B5CD-D6114FD459EC}.Debug|Mixed Platforms.Build.0 = Debug|Any CPU
		{F551A581-1409-41E1-B5CD-D6114FD459EC}.Debug|Win32.ActiveCfg = Debug|Any CPU
		{F551A581-1409-41E1-B5CD-D6114FD459EC}.Debug|x64.ActiveCfg = Debug|Any CPU
		{F551A581-1409-41E1-B5CD-D6114FD459EC}.Debug|x86.ActiveCfg = Debug|x86
		{F551A581-1409-41E1-B5CD-D6114FD459EC}.Debug|x86.Build.0 = Debug|x86
		{F551A581-1409-41E1-B5CD-D6114FD459EC}.Only Injector|Any CPU.ActiveCfg = Only Injector|Any CPU
		{F551A581-1409-41E1-B5CD-D6114FD459EC}.Only Injector|Any CPU.Build.0 = Only Injector|Any CPU
		{F551A581-1409-41E1-B5CD-D6114FD459EC}.Only Injector|Mixed Platforms.ActiveCfg = Only Injector|Any CPU
		{F551A581-1409-41E1-B5CD-D6114FD459EC}.Only Injector|Win32.ActiveCfg = Only Injector|Any CPU
		{F551A581-1409-41E1-B5CD-D6114FD459EC}.Only Injector|x64.ActiveCfg = Only Injector|Any CPU
		{F551A581-1409-41E1-B5CD-D6114FD459EC}.Only Injector|x86.ActiveCfg = Only Injector|x86
		{F551A581-1409-41E1-B5CD-D6114FD459EC}.Only Injector|x86.Build.0 = Only Injector|x86
		{F551A581-1409-41E1-B5CD-D6114FD459EC}.Publish|Any CPU.ActiveCfg = Publish|Any CPU
		{F551A581-1409-41E1-B5CD-D6114FD459EC}.Publish|Any CPU.Build.0 = Publish|Any CPU
		{F551A581-1409-41E1-B5CD-D6114FD459EC}.Publish|Mixed Platforms.ActiveCfg = Publish|Any CPU
		{F551A581-1409-41E1-B5CD-D6114FD459EC}.Publish|Mixed Platforms.Build.0 = Publish|Any CPU
		{F551A581-1409-41E1-B5CD-D6114FD459EC}.Publish|Win32.ActiveCfg = Publish|Any CPU
		{F551A581-1409-41E1-B5CD-D6114FD459EC}.Publish|Win32.Build.0 = Publish|Any CPU
		{F551A581-1409-41E1-B5CD-D6114FD459EC}.Publish|x64.ActiveCfg = Publish|Any CPU
		{F551A581-1409-41E1-B5CD-D6114FD459EC}.Publish|x86.ActiveCfg = Publish|x86
		{F551A581-1409-41E1-B5CD-D6114FD459EC}.Publish|x86.Build.0 = Publish|x86
		{F551A581-1409-41E1-B5CD-D6114FD459EC}.Release|Any CPU.ActiveCfg = Release|Any CPU
		{F551A581-1409-41E1-B5CD-D6114FD459EC}.Release|Any CPU.Build.0 = Release|Any CPU
		{F551A581-1409-41E1-B5CD-D6114FD459EC}.Release|Mixed Platforms.ActiveCfg = Release|Any CPU
		{F551A581-1409-41E1-B5CD-D6114FD459EC}.Release|Mixed Platforms.Build.0 = Release|Any CPU
		{F551A581-1409-41E1-B5CD-D6114FD459EC}.Release|Win32.ActiveCfg = Release|Any CPU
		{F551A581-1409-41E1-B5CD-D6114FD459EC}.Release|x64.ActiveCfg = Release|Any CPU
		{F551A581-1409-41E1-B5CD-D6114FD459EC}.Release|x86.ActiveCfg = Release|x86
		{F551A581-1409-41E1-B5CD-D6114FD459EC}.Release|x86.Build.0 = Release|x86
		{F551A581-1409-41E1-B5CD-D6114FD459EC}.RemoteDebug|Any CPU.ActiveCfg = RemoteDebug|Any CPU
		{F551A581-1409-41E1-B5CD-D6114FD459EC}.RemoteDebug|Any CPU.Build.0 = RemoteDebug|Any CPU
		{F551A581-1409-41E1-B5CD-D6114FD459EC}.RemoteDebug|Mixed Platforms.ActiveCfg = RemoteDebug|Any CPU
		{F551A581-1409-41E1-B5CD-D6114FD459EC}.RemoteDebug|Mixed Platforms.Build.0 = RemoteDebug|Any CPU
		{F551A581-1409-41E1-B5CD-D6114FD459EC}.RemoteDebug|Win32.ActiveCfg = RemoteDebug|Any CPU
		{F551A581-1409-41E1-B5CD-D6114FD459EC}.RemoteDebug|Win32.Build.0 = RemoteDebug|Any CPU
		{F551A581-1409-41E1-B5CD-D6114FD459EC}.RemoteDebug|x64.ActiveCfg = RemoteDebug|Any CPU
		{F551A581-1409-41E1-B5CD-D6114FD459EC}.RemoteDebug|x86.ActiveCfg = RemoteDebug|x86
		{F551A581-1409-41E1-B5CD-D6114FD459EC}.RemoteDebug|x86.Build.0 = RemoteDebug|x86
		{04D664E9-153B-4ADF-BE85-3804357163F4}.Debug|Any CPU.ActiveCfg = Debug|Win32
		{04D664E9-153B-4ADF-BE85-3804357163F4}.Debug|Mixed Platforms.ActiveCfg = Debug|Win32
		{04D664E9-153B-4ADF-BE85-3804357163F4}.Debug|Mixed Platforms.Build.0 = Debug|Win32
		{04D664E9-153B-4ADF-BE85-3804357163F4}.Debug|Win32.ActiveCfg = Debug|Win32
		{04D664E9-153B-4ADF-BE85-3804357163F4}.Debug|Win32.Build.0 = Debug|Win32
		{04D664E9-153B-4ADF-BE85-3804357163F4}.Debug|x64.ActiveCfg = Debug|Win32
		{04D664E9-153B-4ADF-BE85-3804357163F4}.Debug|x86.ActiveCfg = Debug|Win32
		{04D664E9-153B-4ADF-BE85-3804357163F4}.Debug|x86.Build.0 = Debug|Win32
		{04D664E9-153B-4ADF-BE85-3804357163F4}.Only Injector|Any CPU.ActiveCfg = Only Injector|Win32
		{04D664E9-153B-4ADF-BE85-3804357163F4}.Only Injector|Mixed Platforms.ActiveCfg = Only Injector|Win32
		{04D664E9-153B-4ADF-BE85-3804357163F4}.Only Injector|Mixed Platforms.Build.0 = Only Injector|Win32
		{04D664E9-153B-4ADF-BE85-3804357163F4}.Only Injector|Win32.ActiveCfg = Only Injector|Win32
		{04D664E9-153B-4ADF-BE85-3804357163F4}.Only Injector|Win32.Build.0 = Only Injector|Win32
		{04D664E9-153B-4ADF-BE85-3804357163F4}.Only Injector|x64.ActiveCfg = Only Injector|Win32
		{04D664E9-153B-4ADF-BE85-3804357163F4}.Only Injector|x86.ActiveCfg = Only Injector|Win32
		{04D664E9-153B-4ADF-BE85-3804357163F4}.Only Injector|x86.Build.0 = Only Injector|Win32
		{04D664E9-153B-4ADF-BE85-3804357163F4}.Publish|Any CPU.ActiveCfg = Publish|Win32
		{04D664E9-153B-4ADF-BE85-3804357163F4}.Publish|Mixed Platforms.ActiveCfg = Publish|Win32
		{04D664E9-153B-4ADF-BE85-3804357163F4}.Publish|Mixed Platforms.Build.0 = Publish|Win32
		{04D664E9-153B-4ADF-BE85-3804357163F4}.Publish|Win32.ActiveCfg = Publish|Win32
		{04D664E9-153B-4ADF-BE85-3804357163F4}.Publish|Win32.Build.0 = Publish|Win32
		{04D664E9-153B-4ADF-BE85-3804357163F4}.Publish|x64.ActiveCfg = Publish|Win32
		{04D664E9-153B-4ADF-BE85-3804357163F4}.Publish|x86.ActiveCfg = Publish|Win32
		{04D664E9-153B-4ADF-BE85-3804357163F4}.Publish|x86.Build.0 = Publish|Win32
		{04D664E9-153B-4ADF-BE85-3804357163F4}.Release|Any CPU.ActiveCfg = Release|Win32
		{04D664E9-153B-4ADF-BE85-3804357163F4}.Release|Mixed Platforms.ActiveCfg = Release|Win32
		{04D664E9-153B-4ADF-BE85-3804357163F4}.Release|Mixed Platforms.Build.0 = Release|Win32
		{04D664E9-153B-4ADF-BE85-3804357163F4}.Release|Win32.ActiveCfg = Release|Win32
		{04D664E9-153B-4ADF-BE85-3804357163F4}.Release|Win32.Build.0 = Release|Win32
		{04D664E9-153B-4ADF-BE85-3804357163F4}.Release|x64.ActiveCfg = Release|Win32
		{04D664E9-153B-4ADF-BE85-3804357163F4}.Release|x86.ActiveCfg = Release|Win32
		{04D664E9-153B-4ADF-BE85-3804357163F4}.Release|x86.Build.0 = Release|Win32
		{04D664E9-153B-4ADF-BE85-3804357163F4}.RemoteDebug|Any CPU.ActiveCfg = RemoteDebug|Win32
		{04D664E9-153B-4ADF-BE85-3804357163F4}.RemoteDebug|Any CPU.Build.0 = RemoteDebug|Win32
		{04D664E9-153B-4ADF-BE85-3804357163F4}.RemoteDebug|Mixed Platforms.ActiveCfg = RemoteDebug|Win32
		{04D664E9-153B-4ADF-BE85-3804357163F4}.RemoteDebug|Mixed Platforms.Build.0 = RemoteDebug|Win32
		{04D664E9-153B-4ADF-BE85-3804357163F4}.RemoteDebug|Win32.ActiveCfg = RemoteDebug|Win32
		{04D664E9-153B-4ADF-BE85-3804357163F4}.RemoteDebug|Win32.Build.0 = RemoteDebug|Win32
		{04D664E9-153B-4ADF-BE85-3804357163F4}.RemoteDebug|x64.ActiveCfg = RemoteDebug|Win32
		{04D664E9-153B-4ADF-BE85-3804357163F4}.RemoteDebug|x86.ActiveCfg = RemoteDebug|Win32
		{04D664E9-153B-4ADF-BE85-3804357163F4}.RemoteDebug|x86.Build.0 = RemoteDebug|Win32
		{D76AD18B-56C6-4051-A58B-ECB87A35DFD8}.Debug|Any CPU.ActiveCfg = Debug|Win32
		{D76AD18B-56C6-4051-A58B-ECB87A35DFD8}.Debug|Mixed Platforms.ActiveCfg = Debug|Win32
		{D76AD18B-56C6-4051-A58B-ECB87A35DFD8}.Debug|Mixed Platforms.Build.0 = Debug|Win32
		{D76AD18B-56C6-4051-A58B-ECB87A35DFD8}.Debug|Win32.ActiveCfg = Debug|Win32
		{D76AD18B-56C6-4051-A58B-ECB87A35DFD8}.Debug|Win32.Build.0 = Debug|Win32
		{D76AD18B-56C6-4051-A58B-ECB87A35DFD8}.Debug|x64.ActiveCfg = Debug|Win32
		{D76AD18B-56C6-4051-A58B-ECB87A35DFD8}.Debug|x86.ActiveCfg = Debug|Win32
		{D76AD18B-56C6-4051-A58B-ECB87A35DFD8}.Debug|x86.Build.0 = Debug|Win32
		{D76AD18B-56C6-4051-A58B-ECB87A35DFD8}.Only Injector|Any CPU.ActiveCfg = Only Injector|Win32
		{D76AD18B-56C6-4051-A58B-ECB87A35DFD8}.Only Injector|Mixed Platforms.ActiveCfg = Only Injector|Win32
		{D76AD18B-56C6-4051-A58B-ECB87A35DFD8}.Only Injector|Mixed Platforms.Build.0 = Only Injector|Win32
		{D76AD18B-56C6-4051-A58B-ECB87A35DFD8}.Only Injector|Win32.ActiveCfg = Only Injector|Win32
		{D76AD18B-56C6-4051-A58B-ECB87A35DFD8}.Only Injector|Win32.Build.0 = Only Injector|Win32
		{D76AD18B-56C6-4051-A58B-ECB87A35DFD8}.Only Injector|x64.ActiveCfg = Only Injector|Win32
		{D76AD18B-56C6-4051-A58B-ECB87A35DFD8}.Only Injector|x86.ActiveCfg = Only Injector|Win32
		{D76AD18B-56C6-4051-A58B-ECB87A35DFD8}.Only Injector|x86.Build.0 = Only Injector|Win32
		{D76AD18B-56C6-4051-A58B-ECB87A35DFD8}.Publish|Any CPU.ActiveCfg = Publish|Win32
		{D76AD18B-56C6-4051-A58B-ECB87A35DFD8}.Publish|Mixed Platforms.ActiveCfg = Publish|Win32
		{D76AD18B-56C6-4051-A58B-ECB87A35DFD8}.Publish|Mixed Platforms.Build.0 = Publish|Win32
		{D76AD18B-56C6-4051-A58B-ECB87A35DFD8}.Publish|Win32.ActiveCfg = Publish|Win32
		{D76AD18B-56C6-4051-A58B-ECB87A35DFD8}.Publish|Win32.Build.0 = Publish|Win32
		{D76AD18B-56C6-4051-A58B-ECB87A35DFD8}.Publish|x64.ActiveCfg = Publish|Win32
		{D76AD18B-56C6-4051-A58B-ECB87A35DFD8}.Publish|x86.ActiveCfg = Publish|Win32
		{D76AD18B-56C6-4051-A58B-ECB87A35DFD8}.Publish|x86.Build.0 = Publish|Win32
		{D76AD18B-56C6-4051-A58B-ECB87A35DFD8}.Release|Any CPU.ActiveCfg = Release|Win32
		{D76AD18B-56C6-4051-A58B-ECB87A35DFD8}.Release|Mixed Platforms.ActiveCfg = Release|Win32
		{D76AD18B-56C6-4051-A58B-ECB87A35DFD8}.Release|Mixed Platforms.Build.0 = Release|Win32
		{D76AD18B-56C6-4051-A58B-ECB87A35DFD8}.Release|Win32.ActiveCfg = Release|Win32
		{D76AD18B-56C6-4051-A58B-ECB87A35DFD8}.Release|Win32.Build.0 = Release|Win32
		{D76AD18B-56C6-4051-A58B-ECB87A35DFD8}.Release|x64.ActiveCfg = Release|Win32
		{D76AD18B-56C6-4051-A58B-ECB87A35DFD8}.Release|x86.ActiveCfg = Release|Win32
		{D76AD18B-56C6-4051-A58B-ECB87A35DFD8}.Release|x86.Build.0 = Release|Win32
		{D76AD18B-56C6-4051-A58B-ECB87A35DFD8}.RemoteDebug|Any CPU.ActiveCfg = RemoteDebug|Win32
		{D76AD18B-56C6-4051-A58B-ECB87A35DFD8}.RemoteDebug|Any CPU.Build.0 = RemoteDebug|Win32
		{D76AD18B-56C6-4051-A58B-ECB87A35DFD8}.RemoteDebug|Mixed Platforms.ActiveCfg = RemoteDebug|Win32
		{D76AD18B-56C6-4051-A58B-ECB87A35DFD8}.RemoteDebug|Mixed Platforms.Build.0 = RemoteDebug|Win32
		{D76AD18B-56C6-4051-A58B-ECB87A35DFD8}.RemoteDebug|Win32.ActiveCfg = RemoteDebug|Win32
		{D76AD18B-56C6-4051-A58B-ECB87A35DFD8}.RemoteDebug|Win32.Build.0 = RemoteDebug|Win32
		{D76AD18B-56C6-4051-A58B-ECB87A35DFD8}.RemoteDebug|x64.ActiveCfg = RemoteDebug|Win32
		{D76AD18B-56C6-4051-A58B-ECB87A35DFD8}.RemoteDebug|x86.ActiveCfg = RemoteDebug|Win32
		{D76AD18B-56C6-4051-A58B-ECB87A35DFD8}.RemoteDebug|x86.Build.0 = RemoteDebug|Win32
		{17CBAC80-1694-40A9-BE8A-2132B2BADFB8}.Debug|Any CPU.ActiveCfg = Debug|Win32
		{17CBAC80-1694-40A9-BE8A-2132B2BADFB8}.Debug|Mixed Platforms.ActiveCfg = Debug|Win32
		{17CBAC80-1694-40A9-BE8A-2132B2BADFB8}.Debug|Mixed Platforms.Build.0 = Debug|Win32
		{17CBAC80-1694-40A9-BE8A-2132B2BADFB8}.Debug|Win32.ActiveCfg = Debug|Win32
		{17CBAC80-1694-40A9-BE8A-2132B2BADFB8}.Debug|Win32.Build.0 = Debug|Win32
		{17CBAC80-1694-40A9-BE8A-2132B2BADFB8}.Debug|x64.ActiveCfg = Debug|Win32
		{17CBAC80-1694-40A9-BE8A-2132B2BADFB8}.Debug|x86.ActiveCfg = Debug|Win32
		{17CBAC80-1694-40A9-BE8A-2132B2BADFB8}.Debug|x86.Build.0 = Debug|Win32
		{17CBAC80-1694-40A9-BE8A-2132B2BADFB8}.Only Injector|Any CPU.ActiveCfg = Release|Win32
		{17CBAC80-1694-40A9-BE8A-2132B2BADFB8}.Only Injector|Mixed Platforms.ActiveCfg = Release|Win32
		{17CBAC80-1694-40A9-BE8A-2132B2BADFB8}.Only Injector|Mixed Platforms.Build.0 = Release|Win32
		{17CBAC80-1694-40A9-BE8A-2132B2BADFB8}.Only Injector|Win32.ActiveCfg = Release|Win32
		{17CBAC80-1694-40A9-BE8A-2132B2BADFB8}.Only Injector|Win32.Build.0 = Release|Win32
		{17CBAC80-1694-40A9-BE8A-2132B2BADFB8}.Only Injector|x64.ActiveCfg = Release|Win32
		{17CBAC80-1694-40A9-BE8A-2132B2BADFB8}.Only Injector|x86.ActiveCfg = Release|Win32
		{17CBAC80-1694-40A9-BE8A-2132B2BADFB8}.Only Injector|x86.Build.0 = Release|Win32
		{17CBAC80-1694-40A9-BE8A-2132B2BADFB8}.Publish|Any CPU.ActiveCfg = Release|Win32
		{17CBAC80-1694-40A9-BE8A-2132B2BADFB8}.Publish|Mixed Platforms.ActiveCfg = Release|Win32
		{17CBAC80-1694-40A9-BE8A-2132B2BADFB8}.Publish|Mixed Platforms.Build.0 = Release|Win32
		{17CBAC80-1694-40A9-BE8A-2132B2BADFB8}.Publish|Win32.ActiveCfg = Release|Win32
		{17CBAC80-1694-40A9-BE8A-2132B2BADFB8}.Publish|Win32.Build.0 = Release|Win32
		{17CBAC80-1694-40A9-BE8A-2132B2BADFB8}.Publish|x64.ActiveCfg = Release|Win32
		{17CBAC80-1694-40A9-BE8A-2132B2BADFB8}.Publish|x86.ActiveCfg = Release|Win32
		{17CBAC80-1694-40A9-BE8A-2132B2BADFB8}.Publish|x86.Build.0 = Release|Win32
		{17CBAC80-1694-40A9-BE8A-2132B2BADFB8}.Release|Any CPU.ActiveCfg = Release|Win32
		{17CBAC80-1694-40A9-BE8A-2132B2BADFB8}.Release|Mixed Platforms.ActiveCfg = Release|Win32
		{17CBAC80-1694-40A9-BE8A-2132B2BADFB8}.Release|Mixed Platforms.Build.0 = Release|Win32
		{17CBAC80-1694-40A9-BE8A-2132B2BADFB8}.Release|Win32.ActiveCfg = Release|Win32
		{17CBAC80-1694-40A9-BE8A-2132B2BADFB8}.Release|Win32.Build.0 = Release|Win32
		{17CBAC80-1694-40A9-BE8A-2132B2BADFB8}.Release|x64.ActiveCfg = Release|Win32
		{17CBAC80-1694-40A9-BE8A-2132B2BADFB8}.Release|x86.ActiveCfg = Release|Win32
		{17CBAC80-1694-40A9-BE8A-2132B2BADFB8}.Release|x86.Build.0 = Release|Win32
		{17CBAC80-1694-40A9-BE8A-2132B2BADFB8}.RemoteDebug|Any CPU.ActiveCfg = Debug|Win32
		{17CBAC80-1694-40A9-BE8A-2132B2BADFB8}.RemoteDebug|Mixed Platforms.ActiveCfg = Debug|Win32
		{17CBAC80-1694-40A9-BE8A-2132B2BADFB8}.RemoteDebug|Mixed Platforms.Build.0 = Debug|Win32
		{17CBAC80-1694-40A9-BE8A-2132B2BADFB8}.RemoteDebug|Win32.ActiveCfg = Debug|Win32
		{17CBAC80-1694-40A9-BE8A-2132B2BADFB8}.RemoteDebug|Win32.Build.0 = Debug|Win32
		{17CBAC80-1694-40A9-BE8A-2132B2BADFB8}.RemoteDebug|x64.ActiveCfg = Debug|Win32
		{17CBAC80-1694-40A9-BE8A-2132B2BADFB8}.RemoteDebug|x86.ActiveCfg = Debug|Win32
		{158B5B38-72B0-480A-9595-2676657BE4BD}.Debug|Any CPU.ActiveCfg = Debug|Any CPU
		{158B5B38-72B0-480A-9595-2676657BE4BD}.Debug|Any CPU.Build.0 = Debug|Any CPU
		{158B5B38-72B0-480A-9595-2676657BE4BD}.Debug|Mixed Platforms.ActiveCfg = Debug|Any CPU
		{158B5B38-72B0-480A-9595-2676657BE4BD}.Debug|Mixed Platforms.Build.0 = Debug|Any CPU
		{158B5B38-72B0-480A-9595-2676657BE4BD}.Debug|Win32.ActiveCfg = Debug|Any CPU
		{158B5B38-72B0-480A-9595-2676657BE4BD}.Debug|x64.ActiveCfg = Debug|Any CPU
		{158B5B38-72B0-480A-9595-2676657BE4BD}.Debug|x86.ActiveCfg = Debug|Any CPU
		{158B5B38-72B0-480A-9595-2676657BE4BD}.Only Injector|Any CPU.ActiveCfg = Release|Any CPU
		{158B5B38-72B0-480A-9595-2676657BE4BD}.Only Injector|Any CPU.Build.0 = Release|Any CPU
		{158B5B38-72B0-480A-9595-2676657BE4BD}.Only Injector|Mixed Platforms.ActiveCfg = Release|Any CPU
		{158B5B38-72B0-480A-9595-2676657BE4BD}.Only Injector|Mixed Platforms.Build.0 = Release|Any CPU
		{158B5B38-72B0-480A-9595-2676657BE4BD}.Only Injector|Win32.ActiveCfg = Release|Any CPU
		{158B5B38-72B0-480A-9595-2676657BE4BD}.Only Injector|x64.ActiveCfg = Release|Any CPU
		{158B5B38-72B0-480A-9595-2676657BE4BD}.Only Injector|x86.ActiveCfg = Release|Any CPU
		{158B5B38-72B0-480A-9595-2676657BE4BD}.Publish|Any CPU.ActiveCfg = Release|Any CPU
		{158B5B38-72B0-480A-9595-2676657BE4BD}.Publish|Any CPU.Build.0 = Release|Any CPU
		{158B5B38-72B0-480A-9595-2676657BE4BD}.Publish|Mixed Platforms.ActiveCfg = Release|Any CPU
		{158B5B38-72B0-480A-9595-2676657BE4BD}.Publish|Mixed Platforms.Build.0 = Release|Any CPU
		{158B5B38-72B0-480A-9595-2676657BE4BD}.Publish|Win32.ActiveCfg = Release|Any CPU
		{158B5B38-72B0-480A-9595-2676657BE4BD}.Publish|x64.ActiveCfg = Release|Any CPU
		{158B5B38-72B0-480A-9595-2676657BE4BD}.Publish|x86.ActiveCfg = Release|Any CPU
		{158B5B38-72B0-480A-9595-2676657BE4BD}.Release|Any CPU.ActiveCfg = Release|Any CPU
		{158B5B38-72B0-480A-9595-2676657BE4BD}.Release|Any CPU.Build.0 = Release|Any CPU
		{158B5B38-72B0-480A-9595-2676657BE4BD}.Release|Mixed Platforms.ActiveCfg = Release|Any CPU
		{158B5B38-72B0-480A-9595-2676657BE4BD}.Release|Mixed Platforms.Build.0 = Release|Any CPU
		{158B5B38-72B0-480A-9595-2676657BE4BD}.Release|Win32.ActiveCfg = Release|Any CPU
		{158B5B38-72B0-480A-9595-2676657BE4BD}.Release|x64.ActiveCfg = Release|Any CPU
		{158B5B38-72B0-480A-9595-2676657BE4BD}.Release|x86.ActiveCfg = Release|Any CPU
		{158B5B38-72B0-480A-9595-2676657BE4BD}.RemoteDebug|Any CPU.ActiveCfg = Debug|Any CPU
		{158B5B38-72B0-480A-9595-2676657BE4BD}.RemoteDebug|Any CPU.Build.0 = Debug|Any CPU
		{158B5B38-72B0-480A-9595-2676657BE4BD}.RemoteDebug|Mixed Platforms.ActiveCfg = Debug|Any CPU
		{158B5B38-72B0-480A-9595-2676657BE4BD}.RemoteDebug|Mixed Platforms.Build.0 = Debug|Any CPU
		{158B5B38-72B0-480A-9595-2676657BE4BD}.RemoteDebug|Win32.ActiveCfg = Debug|Any CPU
		{158B5B38-72B0-480A-9595-2676657BE4BD}.RemoteDebug|x64.ActiveCfg = Debug|Any CPU
		{158B5B38-72B0-480A-9595-2676657BE4BD}.RemoteDebug|x86.ActiveCfg = Debug|Any CPU
		{158B5B38-72B0-480A-9595-2676657BE4BD}.RemoteDebug|x86.Build.0 = Debug|Any CPU
		{AB1CD676-531D-4824-8546-14D3A5160DE5}.Debug|Any CPU.ActiveCfg = Debug|Win32
		{AB1CD676-531D-4824-8546-14D3A5160DE5}.Debug|Mixed Platforms.ActiveCfg = Debug|Win32
		{AB1CD676-531D-4824-8546-14D3A5160DE5}.Debug|Mixed Platforms.Build.0 = Debug|Win32
		{AB1CD676-531D-4824-8546-14D3A5160DE5}.Debug|Win32.ActiveCfg = Debug|Win32
		{AB1CD676-531D-4824-8546-14D3A5160DE5}.Debug|Win32.Build.0 = Debug|Win32
		{AB1CD676-531D-4824-8546-14D3A5160DE5}.Debug|x64.ActiveCfg = Debug|x64
		{AB1CD676-531D-4824-8546-14D3A5160DE5}.Debug|x64.Build.0 = Debug|x64
		{AB1CD676-531D-4824-8546-14D3A5160DE5}.Debug|x86.ActiveCfg = Debug|Win32
		{AB1CD676-531D-4824-8546-14D3A5160DE5}.Debug|x86.Build.0 = Debug|Win32
		{AB1CD676-531D-4824-8546-14D3A5160DE5}.Only Injector|Any CPU.ActiveCfg = Release|x64
		{AB1CD676-531D-4824-8546-14D3A5160DE5}.Only Injector|Any CPU.Build.0 = Release|x64
		{AB1CD676-531D-4824-8546-14D3A5160DE5}.Only Injector|Mixed Platforms.ActiveCfg = Release|Win32
		{AB1CD676-531D-4824-8546-14D3A5160DE5}.Only Injector|Mixed Platforms.Build.0 = Release|Win32
		{AB1CD676-531D-4824-8546-14D3A5160DE5}.Only Injector|Win32.ActiveCfg = Release|Win32
		{AB1CD676-531D-4824-8546-14D3A5160DE5}.Only Injector|Win32.Build.0 = Release|Win32
		{AB1CD676-531D-4824-8546-14D3A5160DE5}.Only Injector|x64.ActiveCfg = Release|x64
		{AB1CD676-531D-4824-8546-14D3A5160DE5}.Only Injector|x64.Build.0 = Release|x64
		{AB1CD676-531D-4824-8546-14D3A5160DE5}.Only Injector|x86.ActiveCfg = Release|Win32
		{AB1CD676-531D-4824-8546-14D3A5160DE5}.Only Injector|x86.Build.0 = Release|Win32
		{AB1CD676-531D-4824-8546-14D3A5160DE5}.Publish|Any CPU.ActiveCfg = Release|x64
		{AB1CD676-531D-4824-8546-14D3A5160DE5}.Publish|Any CPU.Build.0 = Release|x64
		{AB1CD676-531D-4824-8546-14D3A5160DE5}.Publish|Mixed Platforms.ActiveCfg = Release|Win32
		{AB1CD676-531D-4824-8546-14D3A5160DE5}.Publish|Mixed Platforms.Build.0 = Release|Win32
		{AB1CD676-531D-4824-8546-14D3A5160DE5}.Publish|Win32.ActiveCfg = Release|Win32
		{AB1CD676-531D-4824-8546-14D3A5160DE5}.Publish|Win32.Build.0 = Release|Win32
		{AB1CD676-531D-4824-8546-14D3A5160DE5}.Publish|x64.ActiveCfg = Release|x64
		{AB1CD676-531D-4824-8546-14D3A5160DE5}.Publish|x64.Build.0 = Release|x64
		{AB1CD676-531D-4824-8546-14D3A5160DE5}.Publish|x86.ActiveCfg = Release|Win32
		{AB1CD676-531D-4824-8546-14D3A5160DE5}.Publish|x86.Build.0 = Release|Win32
		{AB1CD676-531D-4824-8546-14D3A5160DE5}.Release|Any CPU.ActiveCfg = Release|Win32
		{AB1CD676-531D-4824-8546-14D3A5160DE5}.Release|Mixed Platforms.ActiveCfg = Release|Win32
		{AB1CD676-531D-4824-8546-14D3A5160DE5}.Release|Mixed Platforms.Build.0 = Release|Win32
		{AB1CD676-531D-4824-8546-14D3A5160DE5}.Release|Win32.ActiveCfg = Release|Win32
		{AB1CD676-531D-4824-8546-14D3A5160DE5}.Release|Win32.Build.0 = Release|Win32
		{AB1CD676-531D-4824-8546-14D3A5160DE5}.Release|x64.ActiveCfg = Release|x64
		{AB1CD676-531D-4824-8546-14D3A5160DE5}.Release|x64.Build.0 = Release|x64
		{AB1CD676-531D-4824-8546-14D3A5160DE5}.Release|x86.ActiveCfg = Release|Win32
		{AB1CD676-531D-4824-8546-14D3A5160DE5}.Release|x86.Build.0 = Release|Win32
		{AB1CD676-531D-4824-8546-14D3A5160DE5}.RemoteDebug|Any CPU.ActiveCfg = Release|x64
		{AB1CD676-531D-4824-8546-14D3A5160DE5}.RemoteDebug|Any CPU.Build.0 = Release|x64
		{AB1CD676-531D-4824-8546-14D3A5160DE5}.RemoteDebug|Mixed Platforms.ActiveCfg = Debug|Win32
		{AB1CD676-531D-4824-8546-14D3A5160DE5}.RemoteDebug|Mixed Platforms.Build.0 = Debug|Win32
		{AB1CD676-531D-4824-8546-14D3A5160DE5}.RemoteDebug|Win32.ActiveCfg = Debug|Win32
		{AB1CD676-531D-4824-8546-14D3A5160DE5}.RemoteDebug|Win32.Build.0 = Debug|Win32
		{AB1CD676-531D-4824-8546-14D3A5160DE5}.RemoteDebug|x64.ActiveCfg = Debug|x64
		{AB1CD676-531D-4824-8546-14D3A5160DE5}.RemoteDebug|x64.Build.0 = Debug|x64
		{AB1CD676-531D-4824-8546-14D3A5160DE5}.RemoteDebug|x86.ActiveCfg = Debug|Win32
		{AB1CD676-531D-4824-8546-14D3A5160DE5}.RemoteDebug|x86.Build.0 = Debug|Win32
		{034626EA-0329-4A86-9340-76F483CF0673}.Debug|Any CPU.ActiveCfg = Debug|Any CPU
		{034626EA-0329-4A86-9340-76F483CF0673}.Debug|Any CPU.Build.0 = Debug|Any CPU
		{034626EA-0329-4A86-9340-76F483CF0673}.Debug|Mixed Platforms.ActiveCfg = Debug|Any CPU
		{034626EA-0329-4A86-9340-76F483CF0673}.Debug|Mixed Platforms.Build.0 = Debug|Any CPU
		{034626EA-0329-4A86-9340-76F483CF0673}.Debug|Win32.ActiveCfg = Debug|Any CPU
		{034626EA-0329-4A86-9340-76F483CF0673}.Debug|Win32.Build.0 = Debug|Any CPU
		{034626EA-0329-4A86-9340-76F483CF0673}.Debug|x64.ActiveCfg = Debug|Any CPU
		{034626EA-0329-4A86-9340-76F483CF0673}.Debug|x64.Build.0 = Debug|Any CPU
		{034626EA-0329-4A86-9340-76F483CF0673}.Debug|x86.ActiveCfg = Debug|Any CPU
		{034626EA-0329-4A86-9340-76F483CF0673}.Debug|x86.Build.0 = Debug|Any CPU
		{034626EA-0329-4A86-9340-76F483CF0673}.Only Injector|Any CPU.ActiveCfg = Release|Any CPU
		{034626EA-0329-4A86-9340-76F483CF0673}.Only Injector|Any CPU.Build.0 = Release|Any CPU
		{034626EA-0329-4A86-9340-76F483CF0673}.Only Injector|Mixed Platforms.ActiveCfg = Release|Any CPU
		{034626EA-0329-4A86-9340-76F483CF0673}.Only Injector|Mixed Platforms.Build.0 = Release|Any CPU
		{034626EA-0329-4A86-9340-76F483CF0673}.Only Injector|Win32.ActiveCfg = Release|Any CPU
		{034626EA-0329-4A86-9340-76F483CF0673}.Only Injector|Win32.Build.0 = Release|Any CPU
		{034626EA-0329-4A86-9340-76F483CF0673}.Only Injector|x64.ActiveCfg = Release|Any CPU
		{034626EA-0329-4A86-9340-76F483CF0673}.Only Injector|x64.Build.0 = Release|Any CPU
		{034626EA-0329-4A86-9340-76F483CF0673}.Only Injector|x86.ActiveCfg = Release|Any CPU
		{034626EA-0329-4A86-9340-76F483CF0673}.Only Injector|x86.Build.0 = Release|Any CPU
		{034626EA-0329-4A86-9340-76F483CF0673}.Publish|Any CPU.ActiveCfg = Release|Any CPU
		{034626EA-0329-4A86-9340-76F483CF0673}.Publish|Any CPU.Build.0 = Release|Any CPU
		{034626EA-0329-4A86-9340-76F483CF0673}.Publish|Mixed Platforms.ActiveCfg = Release|Any CPU
		{034626EA-0329-4A86-9340-76F483CF0673}.Publish|Mixed Platforms.Build.0 = Release|Any CPU
		{034626EA-0329-4A86-9340-76F483CF0673}.Publish|Win32.ActiveCfg = Release|Any CPU
		{034626EA-0329-4A86-9340-76F483CF0673}.Publish|Win32.Build.0 = Release|Any CPU
		{034626EA-0329-4A86-9340-76F483CF0673}.Publish|x64.ActiveCfg = Release|Any CPU
		{034626EA-0329-4A86-9340-76F483CF0673}.Publish|x64.Build.0 = Release|Any CPU
		{034626EA-0329-4A86-9340-76F483CF0673}.Publish|x86.ActiveCfg = Release|Any CPU
		{034626EA-0329-4A86-9340-76F483CF0673}.Publish|x86.Build.0 = Release|Any CPU
		{034626EA-0329-4A86-9340-76F483CF0673}.Release|Any CPU.ActiveCfg = Release|Any CPU
		{034626EA-0329-4A86-9340-76F483CF0673}.Release|Any CPU.Build.0 = Release|Any CPU
		{034626EA-0329-4A86-9340-76F483CF0673}.Release|Mixed Platforms.ActiveCfg = Release|Any CPU
		{034626EA-0329-4A86-9340-76F483CF0673}.Release|Mixed Platforms.Build.0 = Release|Any CPU
		{034626EA-0329-4A86-9340-76F483CF0673}.Release|Win32.ActiveCfg = Release|Any CPU
		{034626EA-0329-4A86-9340-76F483CF0673}.Release|Win32.Build.0 = Release|Any CPU
		{034626EA-0329-4A86-9340-76F483CF0673}.Release|x64.ActiveCfg = Release|Any CPU
		{034626EA-0329-4A86-9340-76F483CF0673}.Release|x64.Build.0 = Release|Any CPU
		{034626EA-0329-4A86-9340-76F483CF0673}.Release|x86.ActiveCfg = Release|Any CPU
		{034626EA-0329-4A86-9340-76F483CF0673}.Release|x86.Build.0 = Release|Any CPU
		{034626EA-0329-4A86-9340-76F483CF0673}.RemoteDebug|Any CPU.ActiveCfg = Debug|Any CPU
		{034626EA-0329-4A86-9340-76F483CF0673}.RemoteDebug|Any CPU.Build.0 = Debug|Any CPU
		{034626EA-0329-4A86-9340-76F483CF0673}.RemoteDebug|Mixed Platforms.ActiveCfg = Debug|Any CPU
		{034626EA-0329-4A86-9340-76F483CF0673}.RemoteDebug|Mixed Platforms.Build.0 = Debug|Any CPU
		{034626EA-0329-4A86-9340-76F483CF0673}.RemoteDebug|Win32.ActiveCfg = Debug|Any CPU
		{034626EA-0329-4A86-9340-76F483CF0673}.RemoteDebug|Win32.Build.0 = Debug|Any CPU
		{034626EA-0329-4A86-9340-76F483CF0673}.RemoteDebug|x64.ActiveCfg = Debug|Any CPU
		{034626EA-0329-4A86-9340-76F483CF0673}.RemoteDebug|x64.Build.0 = Debug|Any CPU
		{034626EA-0329-4A86-9340-76F483CF0673}.RemoteDebug|x86.ActiveCfg = Debug|Any CPU
		{034626EA-0329-4A86-9340-76F483CF0673}.RemoteDebug|x86.Build.0 = Debug|Any CPU
		{BF5B0E40-E719-4EBE-9A49-25B2C4647815}.Debug|Any CPU.ActiveCfg = Debug|Win32
		{BF5B0E40-E719-4EBE-9A49-25B2C4647815}.Debug|Mixed Platforms.ActiveCfg = Debug|Win32
		{BF5B0E40-E719-4EBE-9A49-25B2C4647815}.Debug|Mixed Platforms.Build.0 = Debug|Win32
		{BF5B0E40-E719-4EBE-9A49-25B2C4647815}.Debug|Win32.ActiveCfg = Debug|Win32
		{BF5B0E40-E719-4EBE-9A49-25B2C4647815}.Debug|Win32.Build.0 = Debug|Win32
		{BF5B0E40-E719-4EBE-9A49-25B2C4647815}.Debug|x64.ActiveCfg = Debug|x64
		{BF5B0E40-E719-4EBE-9A49-25B2C4647815}.Debug|x64.Build.0 = Debug|x64
		{BF5B0E40-E719-4EBE-9A49-25B2C4647815}.Debug|x86.ActiveCfg = Debug|Win32
		{BF5B0E40-E719-4EBE-9A49-25B2C4647815}.Debug|x86.Build.0 = Debug|Win32
		{BF5B0E40-E719-4EBE-9A49-25B2C4647815}.Only Injector|Any CPU.ActiveCfg = Release|x64
		{BF5B0E40-E719-4EBE-9A49-25B2C4647815}.Only Injector|Any CPU.Build.0 = Release|x64
		{BF5B0E40-E719-4EBE-9A49-25B2C4647815}.Only Injector|Mixed Platforms.ActiveCfg = Release|Win32
		{BF5B0E40-E719-4EBE-9A49-25B2C4647815}.Only Injector|Mixed Platforms.Build.0 = Release|Win32
		{BF5B0E40-E719-4EBE-9A49-25B2C4647815}.Only Injector|Win32.ActiveCfg = Release|Win32
		{BF5B0E40-E719-4EBE-9A49-25B2C4647815}.Only Injector|Win32.Build.0 = Release|Win32
		{BF5B0E40-E719-4EBE-9A49-25B2C4647815}.Only Injector|x64.ActiveCfg = Release|x64
		{BF5B0E40-E719-4EBE-9A49-25B2C4647815}.Only Injector|x64.Build.0 = Release|x64
		{BF5B0E40-E719-4EBE-9A49-25B2C4647815}.Only Injector|x86.ActiveCfg = Release|Win32
		{BF5B0E40-E719-4EBE-9A49-25B2C4647815}.Only Injector|x86.Build.0 = Release|Win32
		{BF5B0E40-E719-4EBE-9A49-25B2C4647815}.Publish|Any CPU.ActiveCfg = Release|x64
		{BF5B0E40-E719-4EBE-9A49-25B2C4647815}.Publish|Any CPU.Build.0 = Release|x64
		{BF5B0E40-E719-4EBE-9A49-25B2C4647815}.Publish|Mixed Platforms.ActiveCfg = Release|Win32
		{BF5B0E40-E719-4EBE-9A49-25B2C4647815}.Publish|Mixed Platforms.Build.0 = Release|Win32
		{BF5B0E40-E719-4EBE-9A49-25B2C4647815}.Publish|Win32.ActiveCfg = Release|Win32
		{BF5B0E40-E719-4EBE-9A49-25B2C4647815}.Publish|Win32.Build.0 = Release|Win32
		{BF5B0E40-E719-4EBE-9A49-25B2C4647815}.Publish|x64.ActiveCfg = Release|x64
		{BF5B0E40-E719-4EBE-9A49-25B2C4647815}.Publish|x64.Build.0 = Release|x64
		{BF5B0E40-E719-4EBE-9A49-25B2C4647815}.Publish|x86.ActiveCfg = Release|Win32
		{BF5B0E40-E719-4EBE-9A49-25B2C4647815}.Publish|x86.Build.0 = Release|Win32
		{BF5B0E40-E719-4EBE-9A49-25B2C4647815}.Release|Any CPU.ActiveCfg = Release|Win32
		{BF5B0E40-E719-4EBE-9A49-25B2C4647815}.Release|Mixed Platforms.ActiveCfg = Release|Win32
		{BF5B0E40-E719-4EBE-9A49-25B2C4647815}.Release|Mixed Platforms.Build.0 = Release|Win32
		{BF5B0E40-E719-4EBE-9A49-25B2C4647815}.Release|Win32.ActiveCfg = Release|Win32
		{BF5B0E40-E719-4EBE-9A49-25B2C4647815}.Release|Win32.Build.0 = Release|Win32
		{BF5B0E40-E719-4EBE-9A49-25B2C4647815}.Release|x64.ActiveCfg = Release|x64
		{BF5B0E40-E719-4EBE-9A49-25B2C4647815}.Release|x64.Build.0 = Release|x64
		{BF5B0E40-E719-4EBE-9A49-25B2C4647815}.Release|x86.ActiveCfg = Release|Win32
		{BF5B0E40-E719-4EBE-9A49-25B2C4647815}.Release|x86.Build.0 = Release|Win32
		{BF5B0E40-E719-4EBE-9A49-25B2C4647815}.RemoteDebug|Any CPU.ActiveCfg = Release|x64
		{BF5B0E40-E719-4EBE-9A49-25B2C4647815}.RemoteDebug|Any CPU.Build.0 = Release|x64
		{BF5B0E40-E719-4EBE-9A49-25B2C4647815}.RemoteDebug|Mixed Platforms.ActiveCfg = Debug|Win32
		{BF5B0E40-E719-4EBE-9A49-25B2C4647815}.RemoteDebug|Mixed Platforms.Build.0 = Debug|Win32
		{BF5B0E40-E719-4EBE-9A49-25B2C4647815}.RemoteDebug|Win32.ActiveCfg = Debug|Win32
		{BF5B0E40-E719-4EBE-9A49-25B2C4647815}.RemoteDebug|Win32.Build.0 = Debug|Win32
		{BF5B0E40-E719-4EBE-9A49-25B2C4647815}.RemoteDebug|x64.ActiveCfg = Debug|x64
		{BF5B0E40-E719-4EBE-9A49-25B2C4647815}.RemoteDebug|x64.Build.0 = Debug|x64
		{BF5B0E40-E719-4EBE-9A49-25B2C4647815}.RemoteDebug|x86.ActiveCfg = Debug|Win32
		{BF5B0E40-E719-4EBE-9A49-25B2C4647815}.RemoteDebug|x86.Build.0 = Debug|Win32
	EndGlobalSection
	GlobalSection(SolutionProperties) = preSolution
		HideSolutionNode = FALSE
	EndGlobalSection
EndGlobal
