
Microsoft Visual Studio Solution File, Format Version 12.00
# Visual Studio 2013
VisualStudioVersion = 12.0.21005.1
MinimumVisualStudioVersion = 10.0.40219.1
Project("{FAE04EC0-301F-11D3-BF4B-00C04F79EFBC}") = "InstallerAnalyzer1_Guest", "InstallerAnalyzer1.1\InstallerAnalyzer1_Guest.csproj", "{F551A581-1409-41E1-B5CD-D6114FD459EC}"
EndProject
Project("{8BC9CEB8-8B4A-11D0-8D11-00A0C91BC942}") = "Injector", "..\Injector\Injector\Injector.vcxproj", "{04D664E9-153B-4ADF-BE85-3804357163F4}"
	ProjectSection(ProjectDependencies) = postProject
		{D76AD18B-56C6-4051-A58B-ECB87A35DFD8} = {D76AD18B-56C6-4051-A58B-ECB87A35DFD8}
	EndProjectSection
EndProject
Project("{8BC9CEB8-8B4A-11D0-8D11-00A0C91BC942}") = "CHookingDll", "..\CHookingDll\CHookingDll\CHookingDll.vcxproj", "{D76AD18B-56C6-4051-A58B-ECB87A35DFD8}"
EndProject
Project("{2150E333-8FDC-42A3-9474-1A3956D46DE8}") = "Solution Items", "Solution Items", "{106F130C-1648-4CF8-88A2-9CBEF4D983E1}"
	ProjectSection(SolutionItems) = preProject
		Setup Development Environment.txt = Setup Development Environment.txt
	EndProjectSection
EndProject
Global
	GlobalSection(SolutionConfigurationPlatforms) = preSolution
		Only Injector|Any CPU = Only Injector|Any CPU
		Only Injector|Mixed Platforms = Only Injector|Mixed Platforms
		Only Injector|Win32 = Only Injector|Win32
		Publish|Any CPU = Publish|Any CPU
		Publish|Mixed Platforms = Publish|Mixed Platforms
		Publish|Win32 = Publish|Win32
		RemoteDebug|Any CPU = RemoteDebug|Any CPU
		RemoteDebug|Mixed Platforms = RemoteDebug|Mixed Platforms
		RemoteDebug|Win32 = RemoteDebug|Win32
	EndGlobalSection
	GlobalSection(ProjectConfigurationPlatforms) = postSolution
		{F551A581-1409-41E1-B5CD-D6114FD459EC}.Only Injector|Any CPU.ActiveCfg = Only Injector|Any CPU
		{F551A581-1409-41E1-B5CD-D6114FD459EC}.Only Injector|Any CPU.Build.0 = Only Injector|Any CPU
		{F551A581-1409-41E1-B5CD-D6114FD459EC}.Only Injector|Mixed Platforms.ActiveCfg = Only Injector|Any CPU
		{F551A581-1409-41E1-B5CD-D6114FD459EC}.Only Injector|Win32.ActiveCfg = Only Injector|Any CPU
		{F551A581-1409-41E1-B5CD-D6114FD459EC}.Publish|Any CPU.ActiveCfg = Publish|Any CPU
		{F551A581-1409-41E1-B5CD-D6114FD459EC}.Publish|Any CPU.Build.0 = Publish|Any CPU
		{F551A581-1409-41E1-B5CD-D6114FD459EC}.Publish|Mixed Platforms.ActiveCfg = Publish|Any CPU
		{F551A581-1409-41E1-B5CD-D6114FD459EC}.Publish|Mixed Platforms.Build.0 = Publish|Any CPU
		{F551A581-1409-41E1-B5CD-D6114FD459EC}.Publish|Win32.ActiveCfg = Publish|Any CPU
		{F551A581-1409-41E1-B5CD-D6114FD459EC}.Publish|Win32.Build.0 = Publish|Any CPU
		{F551A581-1409-41E1-B5CD-D6114FD459EC}.RemoteDebug|Any CPU.ActiveCfg = RemoteDebug|Any CPU
		{F551A581-1409-41E1-B5CD-D6114FD459EC}.RemoteDebug|Any CPU.Build.0 = RemoteDebug|Any CPU
		{F551A581-1409-41E1-B5CD-D6114FD459EC}.RemoteDebug|Mixed Platforms.ActiveCfg = RemoteDebug|Any CPU
		{F551A581-1409-41E1-B5CD-D6114FD459EC}.RemoteDebug|Mixed Platforms.Build.0 = RemoteDebug|Any CPU
		{F551A581-1409-41E1-B5CD-D6114FD459EC}.RemoteDebug|Win32.ActiveCfg = RemoteDebug|Any CPU
		{F551A581-1409-41E1-B5CD-D6114FD459EC}.RemoteDebug|Win32.Build.0 = RemoteDebug|Any CPU
		{04D664E9-153B-4ADF-BE85-3804357163F4}.Only Injector|Any CPU.ActiveCfg = Only Injector|Win32
		{04D664E9-153B-4ADF-BE85-3804357163F4}.Only Injector|Mixed Platforms.ActiveCfg = Only Injector|Win32
		{04D664E9-153B-4ADF-BE85-3804357163F4}.Only Injector|Mixed Platforms.Build.0 = Only Injector|Win32
		{04D664E9-153B-4ADF-BE85-3804357163F4}.Only Injector|Win32.ActiveCfg = Only Injector|Win32
		{04D664E9-153B-4ADF-BE85-3804357163F4}.Only Injector|Win32.Build.0 = Only Injector|Win32
		{04D664E9-153B-4ADF-BE85-3804357163F4}.Publish|Any CPU.ActiveCfg = Publish|Win32
		{04D664E9-153B-4ADF-BE85-3804357163F4}.Publish|Mixed Platforms.ActiveCfg = Publish|Win32
		{04D664E9-153B-4ADF-BE85-3804357163F4}.Publish|Mixed Platforms.Build.0 = Publish|Win32
		{04D664E9-153B-4ADF-BE85-3804357163F4}.Publish|Win32.ActiveCfg = Publish|Win32
		{04D664E9-153B-4ADF-BE85-3804357163F4}.Publish|Win32.Build.0 = Publish|Win32
		{04D664E9-153B-4ADF-BE85-3804357163F4}.RemoteDebug|Any CPU.ActiveCfg = RemoteDebug|Win32
		{04D664E9-153B-4ADF-BE85-3804357163F4}.RemoteDebug|Any CPU.Build.0 = RemoteDebug|Win32
		{04D664E9-153B-4ADF-BE85-3804357163F4}.RemoteDebug|Mixed Platforms.ActiveCfg = RemoteDebug|Win32
		{04D664E9-153B-4ADF-BE85-3804357163F4}.RemoteDebug|Mixed Platforms.Build.0 = RemoteDebug|Win32
		{04D664E9-153B-4ADF-BE85-3804357163F4}.RemoteDebug|Win32.ActiveCfg = RemoteDebug|Win32
		{04D664E9-153B-4ADF-BE85-3804357163F4}.RemoteDebug|Win32.Build.0 = RemoteDebug|Win32
		{D76AD18B-56C6-4051-A58B-ECB87A35DFD8}.Only Injector|Any CPU.ActiveCfg = Only Injector|Win32
		{D76AD18B-56C6-4051-A58B-ECB87A35DFD8}.Only Injector|Mixed Platforms.ActiveCfg = Only Injector|Win32
		{D76AD18B-56C6-4051-A58B-ECB87A35DFD8}.Only Injector|Mixed Platforms.Build.0 = Only Injector|Win32
		{D76AD18B-56C6-4051-A58B-ECB87A35DFD8}.Only Injector|Win32.ActiveCfg = Only Injector|Win32
		{D76AD18B-56C6-4051-A58B-ECB87A35DFD8}.Only Injector|Win32.Build.0 = Only Injector|Win32
		{D76AD18B-56C6-4051-A58B-ECB87A35DFD8}.Publish|Any CPU.ActiveCfg = Publish|Win32
		{D76AD18B-56C6-4051-A58B-ECB87A35DFD8}.Publish|Mixed Platforms.ActiveCfg = Publish|Win32
		{D76AD18B-56C6-4051-A58B-ECB87A35DFD8}.Publish|Mixed Platforms.Build.0 = Publish|Win32
		{D76AD18B-56C6-4051-A58B-ECB87A35DFD8}.Publish|Win32.ActiveCfg = Publish|Win32
		{D76AD18B-56C6-4051-A58B-ECB87A35DFD8}.Publish|Win32.Build.0 = Publish|Win32
		{D76AD18B-56C6-4051-A58B-ECB87A35DFD8}.RemoteDebug|Any CPU.ActiveCfg = RemoteDebug|Win32
		{D76AD18B-56C6-4051-A58B-ECB87A35DFD8}.RemoteDebug|Any CPU.Build.0 = RemoteDebug|Win32
		{D76AD18B-56C6-4051-A58B-ECB87A35DFD8}.RemoteDebug|Mixed Platforms.ActiveCfg = RemoteDebug|Win32
		{D76AD18B-56C6-4051-A58B-ECB87A35DFD8}.RemoteDebug|Mixed Platforms.Build.0 = RemoteDebug|Win32
		{D76AD18B-56C6-4051-A58B-ECB87A35DFD8}.RemoteDebug|Win32.ActiveCfg = RemoteDebug|Win32
		{D76AD18B-56C6-4051-A58B-ECB87A35DFD8}.RemoteDebug|Win32.Build.0 = RemoteDebug|Win32
	EndGlobalSection
	GlobalSection(SolutionProperties) = preSolution
		HideSolutionNode = FALSE
	EndGlobalSection
EndGlobal
